
Microsoft Visual Studio Solution File, Format Version 12.00
# Visual Studio 15
VisualStudioVersion = 15.0.27130.0
MinimumVisualStudioVersion = 10.0.40219.1
Project("{FAE04EC0-301F-11D3-BF4B-00C04F79EFBC}") = "Phoneword.Android", "Phoneword\Phoneword.Android\Phoneword.Android.csproj", "{A0D4121F-CA35-4E86-B0CC-8F59707AC744}"
EndProject
Project("{FAE04EC0-301F-11D3-BF4B-00C04F79EFBC}") = "Phoneword.iOS", "Phoneword\Phoneword.iOS\Phoneword.iOS.csproj", "{D03542F9-B7DE-4D3F-A319-620F93584201}"
EndProject
Project("{FAE04EC0-301F-11D3-BF4B-00C04F79EFBC}") = "Phoneword.UWP", "Phoneword\Phoneword.UWP\Phoneword.UWP.csproj", "{CEE4B5B8-0536-40F5-8F8C-3D67EB89C04A}"
EndProject
Project("{9A19103F-16F7-4668-BE54-9A1E7A4F7556}") = "Phoneword", "Phoneword\Phoneword\Phoneword.csproj", "{24F3225B-A64E-4F9F-8B84-C26073476971}"
EndProject
Project("{FAE04EC0-301F-11D3-BF4B-00C04F79EFBC}") = "TestPageUI", "TestPageUI\TestPageUI.csproj", "{86680170-FBC2-48CB-B889-02DC7034B653}"
EndProject
Global
	GlobalSection(SolutionConfigurationPlatforms) = preSolution
		Ad-Hoc|Any CPU = Ad-Hoc|Any CPU
		Ad-Hoc|ARM = Ad-Hoc|ARM
		Ad-Hoc|iPhone = Ad-Hoc|iPhone
		Ad-Hoc|iPhoneSimulator = Ad-Hoc|iPhoneSimulator
		Ad-Hoc|x64 = Ad-Hoc|x64
		Ad-Hoc|x86 = Ad-Hoc|x86
		AppStore|Any CPU = AppStore|Any CPU
		AppStore|ARM = AppStore|ARM
		AppStore|iPhone = AppStore|iPhone
		AppStore|iPhoneSimulator = AppStore|iPhoneSimulator
		AppStore|x64 = AppStore|x64
		AppStore|x86 = AppStore|x86
		Debug|Any CPU = Debug|Any CPU
		Debug|ARM = Debug|ARM
		Debug|iPhone = Debug|iPhone
		Debug|iPhoneSimulator = Debug|iPhoneSimulator
		Debug|x64 = Debug|x64
		Debug|x86 = Debug|x86
		Release|Any CPU = Release|Any CPU
		Release|ARM = Release|ARM
		Release|iPhone = Release|iPhone
		Release|iPhoneSimulator = Release|iPhoneSimulator
		Release|x64 = Release|x64
		Release|x86 = Release|x86
	EndGlobalSection
	GlobalSection(ProjectConfigurationPlatforms) = postSolution
		{A0D4121F-CA35-4E86-B0CC-8F59707AC744}.Ad-Hoc|Any CPU.ActiveCfg = Release|Any CPU
		{A0D4121F-CA35-4E86-B0CC-8F59707AC744}.Ad-Hoc|Any CPU.Build.0 = Release|Any CPU
		{A0D4121F-CA35-4E86-B0CC-8F59707AC744}.Ad-Hoc|Any CPU.Deploy.0 = Release|Any CPU
		{A0D4121F-CA35-4E86-B0CC-8F59707AC744}.Ad-Hoc|ARM.ActiveCfg = Release|Any CPU
		{A0D4121F-CA35-4E86-B0CC-8F59707AC744}.Ad-Hoc|ARM.Build.0 = Release|Any CPU
		{A0D4121F-CA35-4E86-B0CC-8F59707AC744}.Ad-Hoc|ARM.Deploy.0 = Release|Any CPU
		{A0D4121F-CA35-4E86-B0CC-8F59707AC744}.Ad-Hoc|iPhone.ActiveCfg = Release|Any CPU
		{A0D4121F-CA35-4E86-B0CC-8F59707AC744}.Ad-Hoc|iPhone.Build.0 = Release|Any CPU
		{A0D4121F-CA35-4E86-B0CC-8F59707AC744}.Ad-Hoc|iPhone.Deploy.0 = Release|Any CPU
		{A0D4121F-CA35-4E86-B0CC-8F59707AC744}.Ad-Hoc|iPhoneSimulator.ActiveCfg = Release|Any CPU
		{A0D4121F-CA35-4E86-B0CC-8F59707AC744}.Ad-Hoc|iPhoneSimulator.Build.0 = Release|Any CPU
		{A0D4121F-CA35-4E86-B0CC-8F59707AC744}.Ad-Hoc|iPhoneSimulator.Deploy.0 = Release|Any CPU
		{A0D4121F-CA35-4E86-B0CC-8F59707AC744}.Ad-Hoc|x64.ActiveCfg = Release|Any CPU
		{A0D4121F-CA35-4E86-B0CC-8F59707AC744}.Ad-Hoc|x64.Build.0 = Release|Any CPU
		{A0D4121F-CA35-4E86-B0CC-8F59707AC744}.Ad-Hoc|x64.Deploy.0 = Release|Any CPU
		{A0D4121F-CA35-4E86-B0CC-8F59707AC744}.Ad-Hoc|x86.ActiveCfg = Release|Any CPU
		{A0D4121F-CA35-4E86-B0CC-8F59707AC744}.Ad-Hoc|x86.Build.0 = Release|Any CPU
		{A0D4121F-CA35-4E86-B0CC-8F59707AC744}.Ad-Hoc|x86.Deploy.0 = Release|Any CPU
		{A0D4121F-CA35-4E86-B0CC-8F59707AC744}.AppStore|Any CPU.ActiveCfg = Release|Any CPU
		{A0D4121F-CA35-4E86-B0CC-8F59707AC744}.AppStore|Any CPU.Build.0 = Release|Any CPU
		{A0D4121F-CA35-4E86-B0CC-8F59707AC744}.AppStore|Any CPU.Deploy.0 = Release|Any CPU
		{A0D4121F-CA35-4E86-B0CC-8F59707AC744}.AppStore|ARM.ActiveCfg = Release|Any CPU
		{A0D4121F-CA35-4E86-B0CC-8F59707AC744}.AppStore|ARM.Build.0 = Release|Any CPU
		{A0D4121F-CA35-4E86-B0CC-8F59707AC744}.AppStore|ARM.Deploy.0 = Release|Any CPU
		{A0D4121F-CA35-4E86-B0CC-8F59707AC744}.AppStore|iPhone.ActiveCfg = Release|Any CPU
		{A0D4121F-CA35-4E86-B0CC-8F59707AC744}.AppStore|iPhone.Build.0 = Release|Any CPU
		{A0D4121F-CA35-4E86-B0CC-8F59707AC744}.AppStore|iPhone.Deploy.0 = Release|Any CPU
		{A0D4121F-CA35-4E86-B0CC-8F59707AC744}.AppStore|iPhoneSimulator.ActiveCfg = Release|Any CPU
		{A0D4121F-CA35-4E86-B0CC-8F59707AC744}.AppStore|iPhoneSimulator.Build.0 = Release|Any CPU
		{A0D4121F-CA35-4E86-B0CC-8F59707AC744}.AppStore|iPhoneSimulator.Deploy.0 = Release|Any CPU
		{A0D4121F-CA35-4E86-B0CC-8F59707AC744}.AppStore|x64.ActiveCfg = Release|Any CPU
		{A0D4121F-CA35-4E86-B0CC-8F59707AC744}.AppStore|x64.Build.0 = Release|Any CPU
		{A0D4121F-CA35-4E86-B0CC-8F59707AC744}.AppStore|x64.Deploy.0 = Release|Any CPU
		{A0D4121F-CA35-4E86-B0CC-8F59707AC744}.AppStore|x86.ActiveCfg = Release|Any CPU
		{A0D4121F-CA35-4E86-B0CC-8F59707AC744}.AppStore|x86.Build.0 = Release|Any CPU
		{A0D4121F-CA35-4E86-B0CC-8F59707AC744}.AppStore|x86.Deploy.0 = Release|Any CPU
		{A0D4121F-CA35-4E86-B0CC-8F59707AC744}.Debug|Any CPU.ActiveCfg = Debug|Any CPU
		{A0D4121F-CA35-4E86-B0CC-8F59707AC744}.Debug|Any CPU.Build.0 = Debug|Any CPU
		{A0D4121F-CA35-4E86-B0CC-8F59707AC744}.Debug|Any CPU.Deploy.0 = Debug|Any CPU
		{A0D4121F-CA35-4E86-B0CC-8F59707AC744}.Debug|ARM.ActiveCfg = Debug|Any CPU
		{A0D4121F-CA35-4E86-B0CC-8F59707AC744}.Debug|ARM.Build.0 = Debug|Any CPU
		{A0D4121F-CA35-4E86-B0CC-8F59707AC744}.Debug|ARM.Deploy.0 = Debug|Any CPU
		{A0D4121F-CA35-4E86-B0CC-8F59707AC744}.Debug|iPhone.ActiveCfg = Debug|Any CPU
		{A0D4121F-CA35-4E86-B0CC-8F59707AC744}.Debug|iPhone.Build.0 = Debug|Any CPU
		{A0D4121F-CA35-4E86-B0CC-8F59707AC744}.Debug|iPhone.Deploy.0 = Debug|Any CPU
		{A0D4121F-CA35-4E86-B0CC-8F59707AC744}.Debug|iPhoneSimulator.ActiveCfg = Debug|Any CPU
		{A0D4121F-CA35-4E86-B0CC-8F59707AC744}.Debug|iPhoneSimulator.Build.0 = Debug|Any CPU
		{A0D4121F-CA35-4E86-B0CC-8F59707AC744}.Debug|iPhoneSimulator.Deploy.0 = Debug|Any CPU
		{A0D4121F-CA35-4E86-B0CC-8F59707AC744}.Debug|x64.ActiveCfg = Debug|Any CPU
		{A0D4121F-CA35-4E86-B0CC-8F59707AC744}.Debug|x64.Build.0 = Debug|Any CPU
		{A0D4121F-CA35-4E86-B0CC-8F59707AC744}.Debug|x64.Deploy.0 = Debug|Any CPU
		{A0D4121F-CA35-4E86-B0CC-8F59707AC744}.Debug|x86.ActiveCfg = Debug|Any CPU
		{A0D4121F-CA35-4E86-B0CC-8F59707AC744}.Debug|x86.Build.0 = Debug|Any CPU
		{A0D4121F-CA35-4E86-B0CC-8F59707AC744}.Debug|x86.Deploy.0 = Debug|Any CPU
		{A0D4121F-CA35-4E86-B0CC-8F59707AC744}.Release|Any CPU.ActiveCfg = Release|Any CPU
		{A0D4121F-CA35-4E86-B0CC-8F59707AC744}.Release|Any CPU.Build.0 = Release|Any CPU
		{A0D4121F-CA35-4E86-B0CC-8F59707AC744}.Release|Any CPU.Deploy.0 = Release|Any CPU
		{A0D4121F-CA35-4E86-B0CC-8F59707AC744}.Release|ARM.ActiveCfg = Release|Any CPU
		{A0D4121F-CA35-4E86-B0CC-8F59707AC744}.Release|ARM.Build.0 = Release|Any CPU
		{A0D4121F-CA35-4E86-B0CC-8F59707AC744}.Release|ARM.Deploy.0 = Release|Any CPU
		{A0D4121F-CA35-4E86-B0CC-8F59707AC744}.Release|iPhone.ActiveCfg = Release|Any CPU
		{A0D4121F-CA35-4E86-B0CC-8F59707AC744}.Release|iPhone.Build.0 = Release|Any CPU
		{A0D4121F-CA35-4E86-B0CC-8F59707AC744}.Release|iPhone.Deploy.0 = Release|Any CPU
		{A0D4121F-CA35-4E86-B0CC-8F59707AC744}.Release|iPhoneSimulator.ActiveCfg = Release|Any CPU
		{A0D4121F-CA35-4E86-B0CC-8F59707AC744}.Release|iPhoneSimulator.Build.0 = Release|Any CPU
		{A0D4121F-CA35-4E86-B0CC-8F59707AC744}.Release|iPhoneSimulator.Deploy.0 = Release|Any CPU
		{A0D4121F-CA35-4E86-B0CC-8F59707AC744}.Release|x64.ActiveCfg = Release|Any CPU
		{A0D4121F-CA35-4E86-B0CC-8F59707AC744}.Release|x64.Build.0 = Release|Any CPU
		{A0D4121F-CA35-4E86-B0CC-8F59707AC744}.Release|x64.Deploy.0 = Release|Any CPU
		{A0D4121F-CA35-4E86-B0CC-8F59707AC744}.Release|x86.ActiveCfg = Release|Any CPU
		{A0D4121F-CA35-4E86-B0CC-8F59707AC744}.Release|x86.Build.0 = Release|Any CPU
		{A0D4121F-CA35-4E86-B0CC-8F59707AC744}.Release|x86.Deploy.0 = Release|Any CPU
		{D03542F9-B7DE-4D3F-A319-620F93584201}.Ad-Hoc|Any CPU.ActiveCfg = Ad-Hoc|iPhone
		{D03542F9-B7DE-4D3F-A319-620F93584201}.Ad-Hoc|ARM.ActiveCfg = Ad-Hoc|iPhone
		{D03542F9-B7DE-4D3F-A319-620F93584201}.Ad-Hoc|iPhone.ActiveCfg = Ad-Hoc|iPhone
		{D03542F9-B7DE-4D3F-A319-620F93584201}.Ad-Hoc|iPhone.Build.0 = Ad-Hoc|iPhone
		{D03542F9-B7DE-4D3F-A319-620F93584201}.Ad-Hoc|iPhoneSimulator.ActiveCfg = Ad-Hoc|iPhoneSimulator
		{D03542F9-B7DE-4D3F-A319-620F93584201}.Ad-Hoc|iPhoneSimulator.Build.0 = Ad-Hoc|iPhoneSimulator
		{D03542F9-B7DE-4D3F-A319-620F93584201}.Ad-Hoc|x64.ActiveCfg = Ad-Hoc|iPhone
		{D03542F9-B7DE-4D3F-A319-620F93584201}.Ad-Hoc|x86.ActiveCfg = Ad-Hoc|iPhone
		{D03542F9-B7DE-4D3F-A319-620F93584201}.AppStore|Any CPU.ActiveCfg = AppStore|iPhone
		{D03542F9-B7DE-4D3F-A319-620F93584201}.AppStore|ARM.ActiveCfg = AppStore|iPhone
		{D03542F9-B7DE-4D3F-A319-620F93584201}.AppStore|iPhone.ActiveCfg = AppStore|iPhone
		{D03542F9-B7DE-4D3F-A319-620F93584201}.AppStore|iPhone.Build.0 = AppStore|iPhone
		{D03542F9-B7DE-4D3F-A319-620F93584201}.AppStore|iPhoneSimulator.ActiveCfg = AppStore|iPhoneSimulator
		{D03542F9-B7DE-4D3F-A319-620F93584201}.AppStore|iPhoneSimulator.Build.0 = AppStore|iPhoneSimulator
		{D03542F9-B7DE-4D3F-A319-620F93584201}.AppStore|x64.ActiveCfg = AppStore|iPhone
		{D03542F9-B7DE-4D3F-A319-620F93584201}.AppStore|x86.ActiveCfg = AppStore|iPhone
		{D03542F9-B7DE-4D3F-A319-620F93584201}.Debug|Any CPU.ActiveCfg = Debug|iPhone
		{D03542F9-B7DE-4D3F-A319-620F93584201}.Debug|ARM.ActiveCfg = Debug|iPhone
		{D03542F9-B7DE-4D3F-A319-620F93584201}.Debug|iPhone.ActiveCfg = Debug|iPhone
		{D03542F9-B7DE-4D3F-A319-620F93584201}.Debug|iPhone.Build.0 = Debug|iPhone
		{D03542F9-B7DE-4D3F-A319-620F93584201}.Debug|iPhoneSimulator.ActiveCfg = Debug|iPhoneSimulator
		{D03542F9-B7DE-4D3F-A319-620F93584201}.Debug|iPhoneSimulator.Build.0 = Debug|iPhoneSimulator
		{D03542F9-B7DE-4D3F-A319-620F93584201}.Debug|x64.ActiveCfg = Debug|iPhone
		{D03542F9-B7DE-4D3F-A319-620F93584201}.Debug|x86.ActiveCfg = Debug|iPhone
		{D03542F9-B7DE-4D3F-A319-620F93584201}.Release|Any CPU.ActiveCfg = Release|iPhone
		{D03542F9-B7DE-4D3F-A319-620F93584201}.Release|ARM.ActiveCfg = Release|iPhone
		{D03542F9-B7DE-4D3F-A319-620F93584201}.Release|iPhone.ActiveCfg = Release|iPhone
		{D03542F9-B7DE-4D3F-A319-620F93584201}.Release|iPhone.Build.0 = Release|iPhone
		{D03542F9-B7DE-4D3F-A319-620F93584201}.Release|iPhoneSimulator.ActiveCfg = Release|iPhoneSimulator
		{D03542F9-B7DE-4D3F-A319-620F93584201}.Release|iPhoneSimulator.Build.0 = Release|iPhoneSimulator
		{D03542F9-B7DE-4D3F-A319-620F93584201}.Release|x64.ActiveCfg = Release|iPhone
		{D03542F9-B7DE-4D3F-A319-620F93584201}.Release|x86.ActiveCfg = Release|iPhone
		{CEE4B5B8-0536-40F5-8F8C-3D67EB89C04A}.Ad-Hoc|Any CPU.ActiveCfg = Release|x86
		{CEE4B5B8-0536-40F5-8F8C-3D67EB89C04A}.Ad-Hoc|Any CPU.Build.0 = Release|x86
		{CEE4B5B8-0536-40F5-8F8C-3D67EB89C04A}.Ad-Hoc|Any CPU.Deploy.0 = Release|x86
		{CEE4B5B8-0536-40F5-8F8C-3D67EB89C04A}.Ad-Hoc|ARM.ActiveCfg = Release|ARM
		{CEE4B5B8-0536-40F5-8F8C-3D67EB89C04A}.Ad-Hoc|ARM.Build.0 = Release|ARM
		{CEE4B5B8-0536-40F5-8F8C-3D67EB89C04A}.Ad-Hoc|ARM.Deploy.0 = Release|ARM
		{CEE4B5B8-0536-40F5-8F8C-3D67EB89C04A}.Ad-Hoc|iPhone.ActiveCfg = Release|x86
		{CEE4B5B8-0536-40F5-8F8C-3D67EB89C04A}.Ad-Hoc|iPhone.Build.0 = Release|x86
		{CEE4B5B8-0536-40F5-8F8C-3D67EB89C04A}.Ad-Hoc|iPhone.Deploy.0 = Release|x86
		{CEE4B5B8-0536-40F5-8F8C-3D67EB89C04A}.Ad-Hoc|iPhoneSimulator.ActiveCfg = Release|x86
		{CEE4B5B8-0536-40F5-8F8C-3D67EB89C04A}.Ad-Hoc|iPhoneSimulator.Build.0 = Release|x86
		{CEE4B5B8-0536-40F5-8F8C-3D67EB89C04A}.Ad-Hoc|iPhoneSimulator.Deploy.0 = Release|x86
		{CEE4B5B8-0536-40F5-8F8C-3D67EB89C04A}.Ad-Hoc|x64.ActiveCfg = Release|x64
		{CEE4B5B8-0536-40F5-8F8C-3D67EB89C04A}.Ad-Hoc|x64.Build.0 = Release|x64
		{CEE4B5B8-0536-40F5-8F8C-3D67EB89C04A}.Ad-Hoc|x64.Deploy.0 = Release|x64
		{CEE4B5B8-0536-40F5-8F8C-3D67EB89C04A}.Ad-Hoc|x86.ActiveCfg = Release|x86
		{CEE4B5B8-0536-40F5-8F8C-3D67EB89C04A}.Ad-Hoc|x86.Build.0 = Release|x86
		{CEE4B5B8-0536-40F5-8F8C-3D67EB89C04A}.Ad-Hoc|x86.Deploy.0 = Release|x86
		{CEE4B5B8-0536-40F5-8F8C-3D67EB89C04A}.AppStore|Any CPU.ActiveCfg = Release|x86
		{CEE4B5B8-0536-40F5-8F8C-3D67EB89C04A}.AppStore|Any CPU.Build.0 = Release|x86
		{CEE4B5B8-0536-40F5-8F8C-3D67EB89C04A}.AppStore|Any CPU.Deploy.0 = Release|x86
		{CEE4B5B8-0536-40F5-8F8C-3D67EB89C04A}.AppStore|ARM.ActiveCfg = Release|ARM
		{CEE4B5B8-0536-40F5-8F8C-3D67EB89C04A}.AppStore|ARM.Build.0 = Release|ARM
		{CEE4B5B8-0536-40F5-8F8C-3D67EB89C04A}.AppStore|ARM.Deploy.0 = Release|ARM
		{CEE4B5B8-0536-40F5-8F8C-3D67EB89C04A}.AppStore|iPhone.ActiveCfg = Release|x86
		{CEE4B5B8-0536-40F5-8F8C-3D67EB89C04A}.AppStore|iPhone.Build.0 = Release|x86
		{CEE4B5B8-0536-40F5-8F8C-3D67EB89C04A}.AppStore|iPhone.Deploy.0 = Release|x86
		{CEE4B5B8-0536-40F5-8F8C-3D67EB89C04A}.AppStore|iPhoneSimulator.ActiveCfg = Release|x86
		{CEE4B5B8-0536-40F5-8F8C-3D67EB89C04A}.AppStore|iPhoneSimulator.Build.0 = Release|x86
		{CEE4B5B8-0536-40F5-8F8C-3D67EB89C04A}.AppStore|iPhoneSimulator.Deploy.0 = Release|x86
		{CEE4B5B8-0536-40F5-8F8C-3D67EB89C04A}.AppStore|x64.ActiveCfg = Release|x64
		{CEE4B5B8-0536-40F5-8F8C-3D67EB89C04A}.AppStore|x64.Build.0 = Release|x64
		{CEE4B5B8-0536-40F5-8F8C-3D67EB89C04A}.AppStore|x64.Deploy.0 = Release|x64
		{CEE4B5B8-0536-40F5-8F8C-3D67EB89C04A}.AppStore|x86.ActiveCfg = Release|x86
		{CEE4B5B8-0536-40F5-8F8C-3D67EB89C04A}.AppStore|x86.Build.0 = Release|x86
		{CEE4B5B8-0536-40F5-8F8C-3D67EB89C04A}.AppStore|x86.Deploy.0 = Release|x86
		{CEE4B5B8-0536-40F5-8F8C-3D67EB89C04A}.Debug|Any CPU.ActiveCfg = Debug|x86
		{CEE4B5B8-0536-40F5-8F8C-3D67EB89C04A}.Debug|ARM.ActiveCfg = Debug|ARM
		{CEE4B5B8-0536-40F5-8F8C-3D67EB89C04A}.Debug|ARM.Build.0 = Debug|ARM
		{CEE4B5B8-0536-40F5-8F8C-3D67EB89C04A}.Debug|ARM.Deploy.0 = Debug|ARM
		{CEE4B5B8-0536-40F5-8F8C-3D67EB89C04A}.Debug|iPhone.ActiveCfg = Debug|x86
		{CEE4B5B8-0536-40F5-8F8C-3D67EB89C04A}.Debug|iPhoneSimulator.ActiveCfg = Debug|x86
		{CEE4B5B8-0536-40F5-8F8C-3D67EB89C04A}.Debug|x64.ActiveCfg = Debug|x64
		{CEE4B5B8-0536-40F5-8F8C-3D67EB89C04A}.Debug|x64.Build.0 = Debug|x64
		{CEE4B5B8-0536-40F5-8F8C-3D67EB89C04A}.Debug|x64.Deploy.0 = Debug|x64
		{CEE4B5B8-0536-40F5-8F8C-3D67EB89C04A}.Debug|x86.ActiveCfg = Debug|x86
		{CEE4B5B8-0536-40F5-8F8C-3D67EB89C04A}.Debug|x86.Build.0 = Debug|x86
		{CEE4B5B8-0536-40F5-8F8C-3D67EB89C04A}.Debug|x86.Deploy.0 = Debug|x86
		{CEE4B5B8-0536-40F5-8F8C-3D67EB89C04A}.Release|Any CPU.ActiveCfg = Release|x86
		{CEE4B5B8-0536-40F5-8F8C-3D67EB89C04A}.Release|ARM.ActiveCfg = Release|ARM
		{CEE4B5B8-0536-40F5-8F8C-3D67EB89C04A}.Release|ARM.Build.0 = Release|ARM
		{CEE4B5B8-0536-40F5-8F8C-3D67EB89C04A}.Release|ARM.Deploy.0 = Release|ARM
		{CEE4B5B8-0536-40F5-8F8C-3D67EB89C04A}.Release|iPhone.ActiveCfg = Release|x86
		{CEE4B5B8-0536-40F5-8F8C-3D67EB89C04A}.Release|iPhoneSimulator.ActiveCfg = Release|x86
		{CEE4B5B8-0536-40F5-8F8C-3D67EB89C04A}.Release|x64.ActiveCfg = Release|x64
		{CEE4B5B8-0536-40F5-8F8C-3D67EB89C04A}.Release|x64.Build.0 = Release|x64
		{CEE4B5B8-0536-40F5-8F8C-3D67EB89C04A}.Release|x64.Deploy.0 = Release|x64
		{CEE4B5B8-0536-40F5-8F8C-3D67EB89C04A}.Release|x86.ActiveCfg = Release|x86
		{CEE4B5B8-0536-40F5-8F8C-3D67EB89C04A}.Release|x86.Build.0 = Release|x86
		{CEE4B5B8-0536-40F5-8F8C-3D67EB89C04A}.Release|x86.Deploy.0 = Release|x86
		{24F3225B-A64E-4F9F-8B84-C26073476971}.Ad-Hoc|Any CPU.ActiveCfg = Debug|Any CPU
		{24F3225B-A64E-4F9F-8B84-C26073476971}.Ad-Hoc|Any CPU.Build.0 = Debug|Any CPU
		{24F3225B-A64E-4F9F-8B84-C26073476971}.Ad-Hoc|ARM.ActiveCfg = Debug|Any CPU
		{24F3225B-A64E-4F9F-8B84-C26073476971}.Ad-Hoc|ARM.Build.0 = Debug|Any CPU
		{24F3225B-A64E-4F9F-8B84-C26073476971}.Ad-Hoc|iPhone.ActiveCfg = Debug|Any CPU
		{24F3225B-A64E-4F9F-8B84-C26073476971}.Ad-Hoc|iPhone.Build.0 = Debug|Any CPU
		{24F3225B-A64E-4F9F-8B84-C26073476971}.Ad-Hoc|iPhoneSimulator.ActiveCfg = Debug|Any CPU
		{24F3225B-A64E-4F9F-8B84-C26073476971}.Ad-Hoc|iPhoneSimulator.Build.0 = Debug|Any CPU
		{24F3225B-A64E-4F9F-8B84-C26073476971}.Ad-Hoc|x64.ActiveCfg = Debug|Any CPU
		{24F3225B-A64E-4F9F-8B84-C26073476971}.Ad-Hoc|x64.Build.0 = Debug|Any CPU
		{24F3225B-A64E-4F9F-8B84-C26073476971}.Ad-Hoc|x86.ActiveCfg = Debug|Any CPU
		{24F3225B-A64E-4F9F-8B84-C26073476971}.Ad-Hoc|x86.Build.0 = Debug|Any CPU
		{24F3225B-A64E-4F9F-8B84-C26073476971}.AppStore|Any CPU.ActiveCfg = Debug|Any CPU
		{24F3225B-A64E-4F9F-8B84-C26073476971}.AppStore|Any CPU.Build.0 = Debug|Any CPU
		{24F3225B-A64E-4F9F-8B84-C26073476971}.AppStore|ARM.ActiveCfg = Debug|Any CPU
		{24F3225B-A64E-4F9F-8B84-C26073476971}.AppStore|ARM.Build.0 = Debug|Any CPU
		{24F3225B-A64E-4F9F-8B84-C26073476971}.AppStore|iPhone.ActiveCfg = Debug|Any CPU
		{24F3225B-A64E-4F9F-8B84-C26073476971}.AppStore|iPhone.Build.0 = Debug|Any CPU
		{24F3225B-A64E-4F9F-8B84-C26073476971}.AppStore|iPhoneSimulator.ActiveCfg = Debug|Any CPU
		{24F3225B-A64E-4F9F-8B84-C26073476971}.AppStore|iPhoneSimulator.Build.0 = Debug|Any CPU
		{24F3225B-A64E-4F9F-8B84-C26073476971}.AppStore|x64.ActiveCfg = Debug|Any CPU
		{24F3225B-A64E-4F9F-8B84-C26073476971}.AppStore|x64.Build.0 = Debug|Any CPU
		{24F3225B-A64E-4F9F-8B84-C26073476971}.AppStore|x86.ActiveCfg = Debug|Any CPU
		{24F3225B-A64E-4F9F-8B84-C26073476971}.AppStore|x86.Build.0 = Debug|Any CPU
		{24F3225B-A64E-4F9F-8B84-C26073476971}.Debug|Any CPU.ActiveCfg = Debug|Any CPU
		{24F3225B-A64E-4F9F-8B84-C26073476971}.Debug|Any CPU.Build.0 = Debug|Any CPU
		{24F3225B-A64E-4F9F-8B84-C26073476971}.Debug|ARM.ActiveCfg = Debug|Any CPU
		{24F3225B-A64E-4F9F-8B84-C26073476971}.Debug|ARM.Build.0 = Debug|Any CPU
		{24F3225B-A64E-4F9F-8B84-C26073476971}.Debug|iPhone.ActiveCfg = Debug|Any CPU
		{24F3225B-A64E-4F9F-8B84-C26073476971}.Debug|iPhone.Build.0 = Debug|Any CPU
		{24F3225B-A64E-4F9F-8B84-C26073476971}.Debug|iPhoneSimulator.ActiveCfg = Debug|Any CPU
		{24F3225B-A64E-4F9F-8B84-C26073476971}.Debug|iPhoneSimulator.Build.0 = Debug|Any CPU
		{24F3225B-A64E-4F9F-8B84-C26073476971}.Debug|x64.ActiveCfg = Debug|Any CPU
		{24F3225B-A64E-4F9F-8B84-C26073476971}.Debug|x64.Build.0 = Debug|Any CPU
		{24F3225B-A64E-4F9F-8B84-C26073476971}.Debug|x86.ActiveCfg = Debug|Any CPU
		{24F3225B-A64E-4F9F-8B84-C26073476971}.Debug|x86.Build.0 = Debug|Any CPU
		{24F3225B-A64E-4F9F-8B84-C26073476971}.Release|Any CPU.ActiveCfg = Release|Any CPU
		{24F3225B-A64E-4F9F-8B84-C26073476971}.Release|Any CPU.Build.0 = Release|Any CPU
		{24F3225B-A64E-4F9F-8B84-C26073476971}.Release|ARM.ActiveCfg = Release|Any CPU
		{24F3225B-A64E-4F9F-8B84-C26073476971}.Release|ARM.Build.0 = Release|Any CPU
		{24F3225B-A64E-4F9F-8B84-C26073476971}.Release|iPhone.ActiveCfg = Release|Any CPU
		{24F3225B-A64E-4F9F-8B84-C26073476971}.Release|iPhone.Build.0 = Release|Any CPU
		{24F3225B-A64E-4F9F-8B84-C26073476971}.Release|iPhoneSimulator.ActiveCfg = Release|Any CPU
		{24F3225B-A64E-4F9F-8B84-C26073476971}.Release|iPhoneSimulator.Build.0 = Release|Any CPU
		{24F3225B-A64E-4F9F-8B84-C26073476971}.Release|x64.ActiveCfg = Release|Any CPU
		{24F3225B-A64E-4F9F-8B84-C26073476971}.Release|x64.Build.0 = Release|Any CPU
		{24F3225B-A64E-4F9F-8B84-C26073476971}.Release|x86.ActiveCfg = Release|Any CPU
		{24F3225B-A64E-4F9F-8B84-C26073476971}.Release|x86.Build.0 = Release|Any CPU
		{86680170-FBC2-48CB-B889-02DC7034B653}.Ad-Hoc|Any CPU.ActiveCfg = Release|Any CPU
		{86680170-FBC2-48CB-B889-02DC7034B653}.Ad-Hoc|Any CPU.Build.0 = Release|Any CPU
		{86680170-FBC2-48CB-B889-02DC7034B653}.Ad-Hoc|ARM.ActiveCfg = Release|Any CPU
		{86680170-FBC2-48CB-B889-02DC7034B653}.Ad-Hoc|ARM.Build.0 = Release|Any CPU
		{86680170-FBC2-48CB-B889-02DC7034B653}.Ad-Hoc|iPhone.ActiveCfg = Release|Any CPU
		{86680170-FBC2-48CB-B889-02DC7034B653}.Ad-Hoc|iPhone.Build.0 = Release|Any CPU
		{86680170-FBC2-48CB-B889-02DC7034B653}.Ad-Hoc|iPhoneSimulator.ActiveCfg = Release|Any CPU
		{86680170-FBC2-48CB-B889-02DC7034B653}.Ad-Hoc|iPhoneSimulator.Build.0 = Release|Any CPU
		{86680170-FBC2-48CB-B889-02DC7034B653}.Ad-Hoc|x64.ActiveCfg = Release|Any CPU
		{86680170-FBC2-48CB-B889-02DC7034B653}.Ad-Hoc|x64.Build.0 = Release|Any CPU
		{86680170-FBC2-48CB-B889-02DC7034B653}.Ad-Hoc|x86.ActiveCfg = Release|Any CPU
		{86680170-FBC2-48CB-B889-02DC7034B653}.Ad-Hoc|x86.Build.0 = Release|Any CPU
		{86680170-FBC2-48CB-B889-02DC7034B653}.AppStore|Any CPU.ActiveCfg = Release|Any CPU
		{86680170-FBC2-48CB-B889-02DC7034B653}.AppStore|Any CPU.Build.0 = Release|Any CPU
		{86680170-FBC2-48CB-B889-02DC7034B653}.AppStore|ARM.ActiveCfg = Release|Any CPU
		{86680170-FBC2-48CB-B889-02DC7034B653}.AppStore|ARM.Build.0 = Release|Any CPU
		{86680170-FBC2-48CB-B889-02DC7034B653}.AppStore|iPhone.ActiveCfg = Release|Any CPU
		{86680170-FBC2-48CB-B889-02DC7034B653}.AppStore|iPhone.Build.0 = Release|Any CPU
		{86680170-FBC2-48CB-B889-02DC7034B653}.AppStore|iPhoneSimulator.ActiveCfg = Release|Any CPU
		{86680170-FBC2-48CB-B889-02DC7034B653}.AppStore|iPhoneSimulator.Build.0 = Release|Any CPU
		{86680170-FBC2-48CB-B889-02DC7034B653}.AppStore|x64.ActiveCfg = Release|Any CPU
		{86680170-FBC2-48CB-B889-02DC7034B653}.AppStore|x64.Build.0 = Release|Any CPU
		{86680170-FBC2-48CB-B889-02DC7034B653}.AppStore|x86.ActiveCfg = Release|Any CPU
		{86680170-FBC2-48CB-B889-02DC7034B653}.AppStore|x86.Build.0 = Release|Any CPU
		{86680170-FBC2-48CB-B889-02DC7034B653}.Debug|Any CPU.ActiveCfg = Debug|Any CPU
		{86680170-FBC2-48CB-B889-02DC7034B653}.Debug|Any CPU.Build.0 = Debug|Any CPU
		{86680170-FBC2-48CB-B889-02DC7034B653}.Debug|ARM.ActiveCfg = Debug|Any CPU
		{86680170-FBC2-48CB-B889-02DC7034B653}.Debug|ARM.Build.0 = Debug|Any CPU
		{86680170-FBC2-48CB-B889-02DC7034B653}.Debug|iPhone.ActiveCfg = Debug|Any CPU
		{86680170-FBC2-48CB-B889-02DC7034B653}.Debug|iPhone.Build.0 = Debug|Any CPU
		{86680170-FBC2-48CB-B889-02DC7034B653}.Debug|iPhoneSimulator.ActiveCfg = Debug|Any CPU
		{86680170-FBC2-48CB-B889-02DC7034B653}.Debug|iPhoneSimulator.Build.0 = Debug|Any CPU
		{86680170-FBC2-48CB-B889-02DC7034B653}.Debug|x64.ActiveCfg = Debug|Any CPU
		{86680170-FBC2-48CB-B889-02DC7034B653}.Debug|x64.Build.0 = Debug|Any CPU
		{86680170-FBC2-48CB-B889-02DC7034B653}.Debug|x86.ActiveCfg = Debug|Any CPU
		{86680170-FBC2-48CB-B889-02DC7034B653}.Debug|x86.Build.0 = Debug|Any CPU
		{86680170-FBC2-48CB-B889-02DC7034B653}.Release|Any CPU.ActiveCfg = Release|Any CPU
		{86680170-FBC2-48CB-B889-02DC7034B653}.Release|Any CPU.Build.0 = Release|Any CPU
		{86680170-FBC2-48CB-B889-02DC7034B653}.Release|ARM.ActiveCfg = Release|Any CPU
		{86680170-FBC2-48CB-B889-02DC7034B653}.Release|ARM.Build.0 = Release|Any CPU
		{86680170-FBC2-48CB-B889-02DC7034B653}.Release|iPhone.ActiveCfg = Release|Any CPU
		{86680170-FBC2-48CB-B889-02DC7034B653}.Release|iPhone.Build.0 = Release|Any CPU
		{86680170-FBC2-48CB-B889-02DC7034B653}.Release|iPhoneSimulator.ActiveCfg = Release|Any CPU
		{86680170-FBC2-48CB-B889-02DC7034B653}.Release|iPhoneSimulator.Build.0 = Release|Any CPU
		{86680170-FBC2-48CB-B889-02DC7034B653}.Release|x64.ActiveCfg = Release|Any CPU
		{86680170-FBC2-48CB-B889-02DC7034B653}.Release|x64.Build.0 = Release|Any CPU
		{86680170-FBC2-48CB-B889-02DC7034B653}.Release|x86.ActiveCfg = Release|Any CPU
		{86680170-FBC2-48CB-B889-02DC7034B653}.Release|x86.Build.0 = Release|Any CPU
	EndGlobalSection
	GlobalSection(SolutionProperties) = preSolution
		HideSolutionNode = FALSE
	EndGlobalSection
	GlobalSection(ExtensibilityGlobals) = postSolution
		SolutionGuid = {540059BD-55D2-457B-ADB4-44EEF22189EF}
	EndGlobalSection
EndGlobal
